
Microsoft Visual Studio Solution File, Format Version 12.00
# Visual Studio Version 17
VisualStudioVersion = 17.11.35222.181
MinimumVisualStudioVersion = 10.0.40219.1
Project("{FAE04EC0-301F-11D3-BF4B-00C04F79EFBC}") = "PE24_InventoryList", "PE24_InventoryList.csproj", "{70475A9F-74CC-477A-891D-3C7F7DEBB849}"
EndProject
Global
	GlobalSection(SolutionConfigurationPlatforms) = preSolution
		Debug|Any CPU = Debug|Any CPU
		Release|Any CPU = Release|Any CPU
	EndGlobalSection
	GlobalSection(ProjectConfigurationPlatforms) = postSolution
		{70475A9F-74CC-477A-891D-3C7F7DEBB849}.Debug|Any CPU.ActiveCfg = Debug|Any CPU
		{70475A9F-74CC-477A-891D-3C7F7DEBB849}.Debug|Any CPU.Build.0 = Debug|Any CPU
		{70475A9F-74CC-477A-891D-3C7F7DEBB849}.Release|Any CPU.ActiveCfg = Release|Any CPU
		{70475A9F-74CC-477A-891D-3C7F7DEBB849}.Release|Any CPU.Build.0 = Release|Any CPU
	EndGlobalSection
	GlobalSection(SolutionProperties) = preSolution
		HideSolutionNode = FALSE
	EndGlobalSection
	GlobalSection(ExtensibilityGlobals) = postSolution
		SolutionGuid = {7C60FB12-CA4C-4D97-B4AE-D933E521167E}
	EndGlobalSection
EndGlobal
