
Microsoft Visual Studio Solution File, Format Version 12.00
# Visual Studio Version 17
VisualStudioVersion = 17.11.35222.181
MinimumVisualStudioVersion = 10.0.40219.1
Project("{FAE04EC0-301F-11D3-BF4B-00C04F79EFBC}") = "PE_String", "PE_String.csproj", "{74EB42F1-C360-4A21-B618-51D8BD212064}"
EndProject
Global
	GlobalSection(SolutionConfigurationPlatforms) = preSolution
		Debug|Any CPU = Debug|Any CPU
		Release|Any CPU = Release|Any CPU
	EndGlobalSection
	GlobalSection(ProjectConfigurationPlatforms) = postSolution
		{74EB42F1-C360-4A21-B618-51D8BD212064}.Debug|Any CPU.ActiveCfg = Debug|Any CPU
		{74EB42F1-C360-4A21-B618-51D8BD212064}.Debug|Any CPU.Build.0 = Debug|Any CPU
		{74EB42F1-C360-4A21-B618-51D8BD212064}.Release|Any CPU.ActiveCfg = Release|Any CPU
		{74EB42F1-C360-4A21-B618-51D8BD212064}.Release|Any CPU.Build.0 = Release|Any CPU
	EndGlobalSection
	GlobalSection(SolutionProperties) = preSolution
		HideSolutionNode = FALSE
	EndGlobalSection
	GlobalSection(ExtensibilityGlobals) = postSolution
		SolutionGuid = {4C525B7F-49DB-47F7-85C0-5BFDEF7B1EBD}
	EndGlobalSection
EndGlobal
