
Microsoft Visual Studio Solution File, Format Version 12.00
# Visual Studio Version 17
VisualStudioVersion = 17.11.35222.181
MinimumVisualStudioVersion = 10.0.40219.1
Project("{FAE04EC0-301F-11D3-BF4B-00C04F79EFBC}") = "PE_PracticalPractice", "PE_PracticalPractice.csproj", "{23CEDDE6-2BDC-4299-9B34-798409A1F543}"
EndProject
Global
	GlobalSection(SolutionConfigurationPlatforms) = preSolution
		Debug|Any CPU = Debug|Any CPU
		Release|Any CPU = Release|Any CPU
	EndGlobalSection
	GlobalSection(ProjectConfigurationPlatforms) = postSolution
		{23CEDDE6-2BDC-4299-9B34-798409A1F543}.Debug|Any CPU.ActiveCfg = Debug|Any CPU
		{23CEDDE6-2BDC-4299-9B34-798409A1F543}.Debug|Any CPU.Build.0 = Debug|Any CPU
		{23CEDDE6-2BDC-4299-9B34-798409A1F543}.Release|Any CPU.ActiveCfg = Release|Any CPU
		{23CEDDE6-2BDC-4299-9B34-798409A1F543}.Release|Any CPU.Build.0 = Release|Any CPU
	EndGlobalSection
	GlobalSection(SolutionProperties) = preSolution
		HideSolutionNode = FALSE
	EndGlobalSection
	GlobalSection(ExtensibilityGlobals) = postSolution
		SolutionGuid = {29552C7B-D2E4-4501-AB2F-54FE3B253229}
	EndGlobalSection
EndGlobal
