
Microsoft Visual Studio Solution File, Format Version 12.00
# Visual Studio Version 17
VisualStudioVersion = 17.11.35222.181
MinimumVisualStudioVersion = 10.0.40219.1
Project("{FAE04EC0-301F-11D3-BF4B-00C04F79EFBC}") = "PE_WhileLoops", "PE_WhileLoops.csproj", "{C88CF1CA-E534-4B21-8695-7A2AA0DE76CA}"
EndProject
Global
	GlobalSection(SolutionConfigurationPlatforms) = preSolution
		Debug|Any CPU = Debug|Any CPU
		Release|Any CPU = Release|Any CPU
	EndGlobalSection
	GlobalSection(ProjectConfigurationPlatforms) = postSolution
		{C88CF1CA-E534-4B21-8695-7A2AA0DE76CA}.Debug|Any CPU.ActiveCfg = Debug|Any CPU
		{C88CF1CA-E534-4B21-8695-7A2AA0DE76CA}.Debug|Any CPU.Build.0 = Debug|Any CPU
		{C88CF1CA-E534-4B21-8695-7A2AA0DE76CA}.Release|Any CPU.ActiveCfg = Release|Any CPU
		{C88CF1CA-E534-4B21-8695-7A2AA0DE76CA}.Release|Any CPU.Build.0 = Release|Any CPU
	EndGlobalSection
	GlobalSection(SolutionProperties) = preSolution
		HideSolutionNode = FALSE
	EndGlobalSection
	GlobalSection(ExtensibilityGlobals) = postSolution
		SolutionGuid = {F7EAC60A-DEDE-4F22-8C70-FB0619AB0634}
	EndGlobalSection
EndGlobal
