
Microsoft Visual Studio Solution File, Format Version 12.00
# Visual Studio Version 17
VisualStudioVersion = 17.11.35222.181
MinimumVisualStudioVersion = 10.0.40219.1
Project("{FAE04EC0-301F-11D3-BF4B-00C04F79EFBC}") = "PE_HelloGit", "PE_HelloGit.csproj", "{7990B42F-E822-4EC9-9FC4-996879DC7A54}"
EndProject
Global
	GlobalSection(SolutionConfigurationPlatforms) = preSolution
		Debug|Any CPU = Debug|Any CPU
		Release|Any CPU = Release|Any CPU
	EndGlobalSection
	GlobalSection(ProjectConfigurationPlatforms) = postSolution
		{7990B42F-E822-4EC9-9FC4-996879DC7A54}.Debug|Any CPU.ActiveCfg = Debug|Any CPU
		{7990B42F-E822-4EC9-9FC4-996879DC7A54}.Debug|Any CPU.Build.0 = Debug|Any CPU
		{7990B42F-E822-4EC9-9FC4-996879DC7A54}.Release|Any CPU.ActiveCfg = Release|Any CPU
		{7990B42F-E822-4EC9-9FC4-996879DC7A54}.Release|Any CPU.Build.0 = Release|Any CPU
	EndGlobalSection
	GlobalSection(SolutionProperties) = preSolution
		HideSolutionNode = FALSE
	EndGlobalSection
	GlobalSection(ExtensibilityGlobals) = postSolution
		SolutionGuid = {3511C65E-F1FD-4760-9FE7-FA50116BEF9B}
	EndGlobalSection
EndGlobal
