
Microsoft Visual Studio Solution File, Format Version 12.00
# Visual Studio Version 17
VisualStudioVersion = 17.11.35222.181
MinimumVisualStudioVersion = 10.0.40219.1
Project("{FAE04EC0-301F-11D3-BF4B-00C04F79EFBC}") = "DebuggingDemo", "DebuggingDemo.csproj", "{2AEAE32E-3246-432F-B9FC-DA9C117C531B}"
EndProject
Global
	GlobalSection(SolutionConfigurationPlatforms) = preSolution
		Debug|Any CPU = Debug|Any CPU
		Release|Any CPU = Release|Any CPU
	EndGlobalSection
	GlobalSection(ProjectConfigurationPlatforms) = postSolution
		{2AEAE32E-3246-432F-B9FC-DA9C117C531B}.Debug|Any CPU.ActiveCfg = Debug|Any CPU
		{2AEAE32E-3246-432F-B9FC-DA9C117C531B}.Debug|Any CPU.Build.0 = Debug|Any CPU
		{2AEAE32E-3246-432F-B9FC-DA9C117C531B}.Release|Any CPU.ActiveCfg = Release|Any CPU
		{2AEAE32E-3246-432F-B9FC-DA9C117C531B}.Release|Any CPU.Build.0 = Release|Any CPU
	EndGlobalSection
	GlobalSection(SolutionProperties) = preSolution
		HideSolutionNode = FALSE
	EndGlobalSection
	GlobalSection(ExtensibilityGlobals) = postSolution
		SolutionGuid = {32E33B46-E5D5-4E38-A697-FBCA9A6AE0FA}
	EndGlobalSection
EndGlobal
