
Microsoft Visual Studio Solution File, Format Version 12.00
# Visual Studio Version 17
VisualStudioVersion = 17.11.35222.181
MinimumVisualStudioVersion = 10.0.40219.1
Project("{FAE04EC0-301F-11D3-BF4B-00C04F79EFBC}") = "ByeT_HW1", "ByeT_HW1.csproj", "{6C100A20-21A8-41CF-99B0-3D5E43F10946}"
EndProject
Global
	GlobalSection(SolutionConfigurationPlatforms) = preSolution
		Debug|Any CPU = Debug|Any CPU
		Release|Any CPU = Release|Any CPU
	EndGlobalSection
	GlobalSection(ProjectConfigurationPlatforms) = postSolution
		{6C100A20-21A8-41CF-99B0-3D5E43F10946}.Debug|Any CPU.ActiveCfg = Debug|Any CPU
		{6C100A20-21A8-41CF-99B0-3D5E43F10946}.Debug|Any CPU.Build.0 = Debug|Any CPU
		{6C100A20-21A8-41CF-99B0-3D5E43F10946}.Release|Any CPU.ActiveCfg = Release|Any CPU
		{6C100A20-21A8-41CF-99B0-3D5E43F10946}.Release|Any CPU.Build.0 = Release|Any CPU
	EndGlobalSection
	GlobalSection(SolutionProperties) = preSolution
		HideSolutionNode = FALSE
	EndGlobalSection
	GlobalSection(ExtensibilityGlobals) = postSolution
		SolutionGuid = {805D1692-1F8A-4568-B453-5BF1DECCDF9C}
	EndGlobalSection
EndGlobal
